
Microsoft Visual Studio Solution File, Format Version 12.00
# Visual Studio Version 17
VisualStudioVersion = 17.8.34309.116
MinimumVisualStudioVersion = 10.0.40219.1
Project("{9A19103F-16F7-4668-BE54-9A1E7A4F7556}") = "BackgroundService", "BackgroundService\BackgroundService.csproj", "{BD487F80-F635-4CD2-AB80-29AA5F6C25FA}"
EndProject
Project("{9A19103F-16F7-4668-BE54-9A1E7A4F7556}") = "ApiService", "ApiService\ApiService.csproj", "{37B79FF1-0874-4CED-A418-47B9D4173254}"
EndProject
Project("{9A19103F-16F7-4668-BE54-9A1E7A4F7556}") = "Common", "Common\Common.csproj", "{159C50CB-8EEF-4D29-9C15-E13B364BDB2E}"
EndProject
Project("{E53339B2-1760-4266-BCC7-CA923CBCF16C}") = "docker-compose", "docker-compose.dcproj", "{D402F111-5B64-49C1-BD72-8C1C0AA0E5DA}"
EndProject
Global
	GlobalSection(SolutionConfigurationPlatforms) = preSolution
		Debug|Any CPU = Debug|Any CPU
		Release|Any CPU = Release|Any CPU
	EndGlobalSection
	GlobalSection(ProjectConfigurationPlatforms) = postSolution
		{BD487F80-F635-4CD2-AB80-29AA5F6C25FA}.Debug|Any CPU.ActiveCfg = Debug|Any CPU
		{BD487F80-F635-4CD2-AB80-29AA5F6C25FA}.Debug|Any CPU.Build.0 = Debug|Any CPU
		{BD487F80-F635-4CD2-AB80-29AA5F6C25FA}.Release|Any CPU.ActiveCfg = Release|Any CPU
		{BD487F80-F635-4CD2-AB80-29AA5F6C25FA}.Release|Any CPU.Build.0 = Release|Any CPU
		{37B79FF1-0874-4CED-A418-47B9D4173254}.Debug|Any CPU.ActiveCfg = Debug|Any CPU
		{37B79FF1-0874-4CED-A418-47B9D4173254}.Debug|Any CPU.Build.0 = Debug|Any CPU
		{37B79FF1-0874-4CED-A418-47B9D4173254}.Release|Any CPU.ActiveCfg = Release|Any CPU
		{37B79FF1-0874-4CED-A418-47B9D4173254}.Release|Any CPU.Build.0 = Release|Any CPU
		{159C50CB-8EEF-4D29-9C15-E13B364BDB2E}.Debug|Any CPU.ActiveCfg = Debug|Any CPU
		{159C50CB-8EEF-4D29-9C15-E13B364BDB2E}.Debug|Any CPU.Build.0 = Debug|Any CPU
		{159C50CB-8EEF-4D29-9C15-E13B364BDB2E}.Release|Any CPU.ActiveCfg = Release|Any CPU
		{159C50CB-8EEF-4D29-9C15-E13B364BDB2E}.Release|Any CPU.Build.0 = Release|Any CPU
		{D402F111-5B64-49C1-BD72-8C1C0AA0E5DA}.Debug|Any CPU.ActiveCfg = Debug|Any CPU
		{D402F111-5B64-49C1-BD72-8C1C0AA0E5DA}.Debug|Any CPU.Build.0 = Debug|Any CPU
		{D402F111-5B64-49C1-BD72-8C1C0AA0E5DA}.Release|Any CPU.ActiveCfg = Release|Any CPU
		{D402F111-5B64-49C1-BD72-8C1C0AA0E5DA}.Release|Any CPU.Build.0 = Release|Any CPU
	EndGlobalSection
	GlobalSection(SolutionProperties) = preSolution
		HideSolutionNode = FALSE
	EndGlobalSection
	GlobalSection(ExtensibilityGlobals) = postSolution
		SolutionGuid = {73AD6945-EC13-4301-BC82-7A10C75C66E9}
	EndGlobalSection
EndGlobal
